// !$*UTF8*$!
{
	archiveVersion = 1;
	classes = {
	};
	objectVersion = 48;
	objects = {

/* Begin PBXBuildFile section */
		0742CCF9206D36860000C14F /* MovieQuotesTableViewController.swift in Sources */ = {isa = PBXBuildFile; fileRef = 0742CCF8206D36860000C14F /* MovieQuotesTableViewController.swift */; };
		0742CCFB206D39580000C14F /* MovieQuote.swift in Sources */ = {isa = PBXBuildFile; fileRef = 0742CCFA206D39580000C14F /* MovieQuote.swift */; };
		07D586DC206AA2DE00F6C721 /* AppDelegate.swift in Sources */ = {isa = PBXBuildFile; fileRef = 07D586DB206AA2DE00F6C721 /* AppDelegate.swift */; };
		07D586DF206AA2DE00F6C721 /* MovieQuotes.xcdatamodeld in Sources */ = {isa = PBXBuildFile; fileRef = 07D586DD206AA2DE00F6C721 /* MovieQuotes.xcdatamodeld */; };
		07D586E6206AA2DF00F6C721 /* Main.storyboard in Resources */ = {isa = PBXBuildFile; fileRef = 07D586E4206AA2DF00F6C721 /* Main.storyboard */; };
		07D586E8206AA2DF00F6C721 /* Assets.xcassets in Resources */ = {isa = PBXBuildFile; fileRef = 07D586E7206AA2DF00F6C721 /* Assets.xcassets */; };
		07D586EB206AA2DF00F6C721 /* LaunchScreen.storyboard in Resources */ = {isa = PBXBuildFile; fileRef = 07D586E9206AA2DF00F6C721 /* LaunchScreen.storyboard */; };
		07EC7209208503F900C47CD2 /* GoogleService-Info (1).plist in Resources */ = {isa = PBXBuildFile; fileRef = 07EC7208208503F800C47CD2 /* GoogleService-Info (1).plist */; };
		A571BA6D3C5F6750CF014393 /* Pods_MovieQuotes.framework in Frameworks */ = {isa = PBXBuildFile; fileRef = 37EBE44ECDB20E60A50D8DA0 /* Pods_MovieQuotes.framework */; };
/* End PBXBuildFile section */

/* Begin PBXFileReference section */
		0742CCF8206D36860000C14F /* MovieQuotesTableViewController.swift */ = {isa = PBXFileReference; lastKnownFileType = sourcecode.swift; path = MovieQuotesTableViewController.swift; sourceTree = "<group>"; };
		0742CCFA206D39580000C14F /* MovieQuote.swift */ = {isa = PBXFileReference; lastKnownFileType = sourcecode.swift; path = MovieQuote.swift; sourceTree = "<group>"; };
		07D586D8206AA2DE00F6C721 /* MovieQuotes.app */ = {isa = PBXFileReference; explicitFileType = wrapper.application; includeInIndex = 0; path = MovieQuotes.app; sourceTree = BUILT_PRODUCTS_DIR; };
		07D586DB206AA2DE00F6C721 /* AppDelegate.swift */ = {isa = PBXFileReference; lastKnownFileType = sourcecode.swift; path = AppDelegate.swift; sourceTree = "<group>"; };
		07D586DE206AA2DE00F6C721 /* MovieQuotes.xcdatamodel */ = {isa = PBXFileReference; lastKnownFileType = wrapper.xcdatamodel; path = MovieQuotes.xcdatamodel; sourceTree = "<group>"; };
		07D586E5206AA2DF00F6C721 /* Base */ = {isa = PBXFileReference; lastKnownFileType = file.storyboard; name = Base; path = Base.lproj/Main.storyboard; sourceTree = "<group>"; };
		07D586E7206AA2DF00F6C721 /* Assets.xcassets */ = {isa = PBXFileReference; lastKnownFileType = folder.assetcatalog; path = Assets.xcassets; sourceTree = "<group>"; };
		07D586EA206AA2DF00F6C721 /* Base */ = {isa = PBXFileReference; lastKnownFileType = file.storyboard; name = Base; path = Base.lproj/LaunchScreen.storyboard; sourceTree = "<group>"; };
		07D586EC206AA2DF00F6C721 /* Info.plist */ = {isa = PBXFileReference; lastKnownFileType = text.plist.xml; path = Info.plist; sourceTree = "<group>"; };
		07EC7208208503F800C47CD2 /* GoogleService-Info (1).plist */ = {isa = PBXFileReference; fileEncoding = 4; lastKnownFileType = text.plist.xml; path = "GoogleService-Info (1).plist"; sourceTree = "<group>"; };
		37EBE44ECDB20E60A50D8DA0 /* Pods_MovieQuotes.framework */ = {isa = PBXFileReference; explicitFileType = wrapper.framework; includeInIndex = 0; path = Pods_MovieQuotes.framework; sourceTree = BUILT_PRODUCTS_DIR; };
		55D2621819E6A81DB8D4B94E /* Pods-MovieQuotes.release.xcconfig */ = {isa = PBXFileReference; includeInIndex = 1; lastKnownFileType = text.xcconfig; name = "Pods-MovieQuotes.release.xcconfig"; path = "Pods/Target Support Files/Pods-MovieQuotes/Pods-MovieQuotes.release.xcconfig"; sourceTree = "<group>"; };
		824EECA2E7419A40FF9F88D8 /* Pods-MovieQuotes.debug.xcconfig */ = {isa = PBXFileReference; includeInIndex = 1; lastKnownFileType = text.xcconfig; name = "Pods-MovieQuotes.debug.xcconfig"; path = "Pods/Target Support Files/Pods-MovieQuotes/Pods-MovieQuotes.debug.xcconfig"; sourceTree = "<group>"; };
/* End PBXFileReference section */

/* Begin PBXFrameworksBuildPhase section */
		07D586D5206AA2DE00F6C721 /* Frameworks */ = {
			isa = PBXFrameworksBuildPhase;
			buildActionMask = 2147483647;
			files = (
				A571BA6D3C5F6750CF014393 /* Pods_MovieQuotes.framework in Frameworks */,
			);
			runOnlyForDeploymentPostprocessing = 0;
		};
/* End PBXFrameworksBuildPhase section */

/* Begin PBXGroup section */
		07D586CF206AA2DE00F6C721 = {
			isa = PBXGroup;
			children = (
				07D586DA206AA2DE00F6C721 /* MovieQuotes */,
				07D586D9206AA2DE00F6C721 /* Products */,
				2E36DF14BEA6EB844A9E459D /* Pods */,
				2AD1DD4F9C4EE9839B3A92A1 /* Frameworks */,
			);
			sourceTree = "<group>";
		};
		07D586D9206AA2DE00F6C721 /* Products */ = {
			isa = PBXGroup;
			children = (
				07D586D8206AA2DE00F6C721 /* MovieQuotes.app */,
			);
			name = Products;
			sourceTree = "<group>";
		};
		07D586DA206AA2DE00F6C721 /* MovieQuotes */ = {
			isa = PBXGroup;
			children = (
				07EC7208208503F800C47CD2 /* GoogleService-Info (1).plist */,
				07D586DB206AA2DE00F6C721 /* AppDelegate.swift */,
				07D586E4206AA2DF00F6C721 /* Main.storyboard */,
				07D586E7206AA2DF00F6C721 /* Assets.xcassets */,
				07D586E9206AA2DF00F6C721 /* LaunchScreen.storyboard */,
				07D586EC206AA2DF00F6C721 /* Info.plist */,
				07D586DD206AA2DE00F6C721 /* MovieQuotes.xcdatamodeld */,
				0742CCF8206D36860000C14F /* MovieQuotesTableViewController.swift */,
				0742CCFA206D39580000C14F /* MovieQuote.swift */,
			);
			path = MovieQuotes;
			sourceTree = "<group>";
		};
		2AD1DD4F9C4EE9839B3A92A1 /* Frameworks */ = {
			isa = PBXGroup;
			children = (
				37EBE44ECDB20E60A50D8DA0 /* Pods_MovieQuotes.framework */,
			);
			name = Frameworks;
			sourceTree = "<group>";
		};
		2E36DF14BEA6EB844A9E459D /* Pods */ = {
			isa = PBXGroup;
			children = (
				824EECA2E7419A40FF9F88D8 /* Pods-MovieQuotes.debug.xcconfig */,
				55D2621819E6A81DB8D4B94E /* Pods-MovieQuotes.release.xcconfig */,
			);
			name = Pods;
			sourceTree = "<group>";
		};
/* End PBXGroup section */

/* Begin PBXNativeTarget section */
		07D586D7206AA2DE00F6C721 /* MovieQuotes */ = {
			isa = PBXNativeTarget;
			buildConfigurationList = 07D586EF206AA2DF00F6C721 /* Build configuration list for PBXNativeTarget "MovieQuotes" */;
			buildPhases = (
				1DFA5F3966F58E803C2D0BAB /* [CP] Check Pods Manifest.lock */,
				07D586D4206AA2DE00F6C721 /* Sources */,
				07D586D5206AA2DE00F6C721 /* Frameworks */,
				07D586D6206AA2DE00F6C721 /* Resources */,
				D12228F1B3F39EE1E2725065 /* [CP] Embed Pods Frameworks */,
			);
			buildRules = (
			);
			dependencies = (
			);
			name = MovieQuotes;
			productName = MovieQuotes;
			productReference = 07D586D8206AA2DE00F6C721 /* MovieQuotes.app */;
			productType = "com.apple.product-type.application";
		};
/* End PBXNativeTarget section */

/* Begin PBXProject section */
		07D586D0206AA2DE00F6C721 /* Project object */ = {
			isa = PBXProject;
			attributes = {
				LastSwiftUpdateCheck = 0920;
				LastUpgradeCheck = 0920;
				ORGANIZATIONNAME = hohljm;
				TargetAttributes = {
					07D586D7206AA2DE00F6C721 = {
						CreatedOnToolsVersion = 9.2;
						ProvisioningStyle = Automatic;
					};
				};
			};
			buildConfigurationList = 07D586D3206AA2DE00F6C721 /* Build configuration list for PBXProject "MovieQuotes" */;
			compatibilityVersion = "Xcode 8.0";
			developmentRegion = en;
			hasScannedForEncodings = 0;
			knownRegions = (
				en,
				Base,
			);
			mainGroup = 07D586CF206AA2DE00F6C721;
			productRefGroup = 07D586D9206AA2DE00F6C721 /* Products */;
			projectDirPath = "";
			projectRoot = "";
			targets = (
				07D586D7206AA2DE00F6C721 /* MovieQuotes */,
			);
		};
/* End PBXProject section */

/* Begin PBXResourcesBuildPhase section */
		07D586D6206AA2DE00F6C721 /* Resources */ = {
			isa = PBXResourcesBuildPhase;
			buildActionMask = 2147483647;
			files = (
				07D586EB206AA2DF00F6C721 /* LaunchScreen.storyboard in Resources */,
				07D586E8206AA2DF00F6C721 /* Assets.xcassets in Resources */,
				07D586E6206AA2DF00F6C721 /* Main.storyboard in Resources */,
				07EC7209208503F900C47CD2 /* GoogleService-Info (1).plist in Resources */,
			);
			runOnlyForDeploymentPostprocessing = 0;
		};
/* End PBXResourcesBuildPhase section */

/* Begin PBXShellScriptBuildPhase section */
		1DFA5F3966F58E803C2D0BAB /* [CP] Check Pods Manifest.lock */ = {
			isa = PBXShellScriptBuildPhase;
			buildActionMask = 2147483647;
			files = (
			);
			inputPaths = (
				"${PODS_PODFILE_DIR_PATH}/Podfile.lock",
				"${PODS_ROOT}/Manifest.lock",
			);
			name = "[CP] Check Pods Manifest.lock";
			outputPaths = (
				"$(DERIVED_FILE_DIR)/Pods-MovieQuotes-checkManifestLockResult.txt",
			);
			runOnlyForDeploymentPostprocessing = 0;
			shellPath = /bin/sh;
			shellScript = "diff \"${PODS_PODFILE_DIR_PATH}/Podfile.lock\" \"${PODS_ROOT}/Manifest.lock\" > /dev/null\nif [ $? != 0 ] ; then\n    # print error to STDERR\n    echo \"error: The sandbox is not in sync with the Podfile.lock. Run 'pod install' or update your CocoaPods installation.\" >&2\n    exit 1\nfi\n# This output is used by Xcode 'outputs' to avoid re-running this script phase.\necho \"SUCCESS\" > \"${SCRIPT_OUTPUT_FILE_0}\"\n";
			showEnvVarsInLog = 0;
		};
		D12228F1B3F39EE1E2725065 /* [CP] Embed Pods Frameworks */ = {
			isa = PBXShellScriptBuildPhase;
			buildActionMask = 2147483647;
			files = (
			);
			inputPaths = (
				"${SRCROOT}/Pods/Target Support Files/Pods-MovieQuotes/Pods-MovieQuotes-frameworks.sh",
				"${BUILT_PRODUCTS_DIR}/GoogleToolboxForMac/GoogleToolboxForMac.framework",
				"${BUILT_PRODUCTS_DIR}/nanopb/nanopb.framework",
			);
			name = "[CP] Embed Pods Frameworks";
			outputPaths = (
				"${TARGET_BUILD_DIR}/${FRAMEWORKS_FOLDER_PATH}/GoogleToolboxForMac.framework",
				"${TARGET_BUILD_DIR}/${FRAMEWORKS_FOLDER_PATH}/nanopb.framework",
			);
			runOnlyForDeploymentPostprocessing = 0;
			shellPath = /bin/sh;
			shellScript = "\"${SRCROOT}/Pods/Target Support Files/Pods-MovieQuotes/Pods-MovieQuotes-frameworks.sh\"\n";
			showEnvVarsInLog = 0;
		};
/* End PBXShellScriptBuildPhase section */

/* Begin PBXSourcesBuildPhase section */
		07D586D4206AA2DE00F6C721 /* Sources */ = {
			isa = PBXSourcesBuildPhase;
			buildActionMask = 2147483647;
			files = (
				07D586DC206AA2DE00F6C721 /* AppDelegate.swift in Sources */,
				0742CCFB206D39580000C14F /* MovieQuote.swift in Sources */,
				0742CCF9206D36860000C14F /* MovieQuotesTableViewController.swift in Sources */,
				07D586DF206AA2DE00F6C721 /* MovieQuotes.xcdatamodeld in Sources */,
			);
			runOnlyForDeploymentPostprocessing = 0;
		};
/* End PBXSourcesBuildPhase section */

/* Begin PBXVariantGroup section */
		07D586E4206AA2DF00F6C721 /* Main.storyboard */ = {
			isa = PBXVariantGroup;
			children = (
				07D586E5206AA2DF00F6C721 /* Base */,
			);
			name = Main.storyboard;
			sourceTree = "<group>";
		};
		07D586E9206AA2DF00F6C721 /* LaunchScreen.storyboard */ = {
			isa = PBXVariantGroup;
			children = (
				07D586EA206AA2DF00F6C721 /* Base */,
			);
			name = LaunchScreen.storyboard;
			sourceTree = "<group>";
		};
/* End PBXVariantGroup section */

/* Begin XCBuildConfiguration section */
		07D586ED206AA2DF00F6C721 /* Debug */ = {
			isa = XCBuildConfiguration;
			buildSettings = {
				ALWAYS_SEARCH_USER_PATHS = NO;
				CLANG_ANALYZER_NONNULL = YES;
				CLANG_ANALYZER_NUMBER_OBJECT_CONVERSION = YES_AGGRESSIVE;
				CLANG_CXX_LANGUAGE_STANDARD = "gnu++14";
				CLANG_CXX_LIBRARY = "libc++";
				CLANG_ENABLE_MODULES = YES;
				CLANG_ENABLE_OBJC_ARC = YES;
				CLANG_WARN_BLOCK_CAPTURE_AUTORELEASING = YES;
				CLANG_WARN_BOOL_CONVERSION = YES;
				CLANG_WARN_COMMA = YES;
				CLANG_WARN_CONSTANT_CONVERSION = YES;
				CLANG_WARN_DIRECT_OBJC_ISA_USAGE = YES_ERROR;
				CLANG_WARN_DOCUMENTATION_COMMENTS = YES;
				CLANG_WARN_EMPTY_BODY = YES;
				CLANG_WARN_ENUM_CONVERSION = YES;
				CLANG_WARN_INFINITE_RECURSION = YES;
				CLANG_WARN_INT_CONVERSION = YES;
				CLANG_WARN_NON_LITERAL_NULL_CONVERSION = YES;
				CLANG_WARN_OBJC_LITERAL_CONVERSION = YES;
				CLANG_WARN_OBJC_ROOT_CLASS = YES_ERROR;
				CLANG_WARN_RANGE_LOOP_ANALYSIS = YES;
				CLANG_WARN_STRICT_PROTOTYPES = YES;
				CLANG_WARN_SUSPICIOUS_MOVE = YES;
				CLANG_WARN_UNGUARDED_AVAILABILITY = YES_AGGRESSIVE;
				CLANG_WARN_UNREACHABLE_CODE = YES;
				CLANG_WARN__DUPLICATE_METHOD_MATCH = YES;
				CODE_SIGN_IDENTITY = "iPhone Developer";
				COPY_PHASE_STRIP = NO;
				DEBUG_INFORMATION_FORMAT = dwarf;
				ENABLE_STRICT_OBJC_MSGSEND = YES;
				ENABLE_TESTABILITY = YES;
				GCC_C_LANGUAGE_STANDARD = gnu11;
				GCC_DYNAMIC_NO_PIC = NO;
				GCC_NO_COMMON_BLOCKS = YES;
				GCC_OPTIMIZATION_LEVEL = 0;
				GCC_PREPROCESSOR_DEFINITIONS = (
					"DEBUG=1",
					"$(inherited)",
				);
				GCC_WARN_64_TO_32_BIT_CONVERSION = YES;
				GCC_WARN_ABOUT_RETURN_TYPE = YES_ERROR;
				GCC_WARN_UNDECLARED_SELECTOR = YES;
				GCC_WARN_UNINITIALIZED_AUTOS = YES_AGGRESSIVE;
				GCC_WARN_UNUSED_FUNCTION = YES;
				GCC_WARN_UNUSED_VARIABLE = YES;
				IPHONEOS_DEPLOYMENT_TARGET = 11.2;
				MTL_ENABLE_DEBUG_INFO = YES;
				ONLY_ACTIVE_ARCH = YES;
				SDKROOT = iphoneos;
				SWIFT_ACTIVE_COMPILATION_CONDITIONS = DEBUG;
				SWIFT_OPTIMIZATION_LEVEL = "-Onone";
			};
			name = Debug;
		};
		07D586EE206AA2DF00F6C721 /* Release */ = {
			isa = XCBuildConfiguration;
			buildSettings = {
				ALWAYS_SEARCH_USER_PATHS = NO;
				CLANG_ANALYZER_NONNULL = YES;
				CLANG_ANALYZER_NUMBER_OBJECT_CONVERSION = YES_AGGRESSIVE;
				CLANG_CXX_LANGUAGE_STANDARD = "gnu++14";
				CLANG_CXX_LIBRARY = "libc++";
				CLANG_ENABLE_MODULES = YES;
				CLANG_ENABLE_OBJC_ARC = YES;
				CLANG_WARN_BLOCK_CAPTURE_AUTORELEASING = YES;
				CLANG_WARN_BOOL_CONVERSION = YES;
				CLANG_WARN_COMMA = YES;
				CLANG_WARN_CONSTANT_CONVERSION = YES;
				CLANG_WARN_DIRECT_OBJC_ISA_USAGE = YES_ERROR;
				CLANG_WARN_DOCUMENTATION_COMMENTS = YES;
				CLANG_WARN_EMPTY_BODY = YES;
				CLANG_WARN_ENUM_CONVERSION = YES;
				CLANG_WARN_INFINITE_RECURSION = YES;
				CLANG_WARN_INT_CONVERSION = YES;
				CLANG_WARN_NON_LITERAL_NULL_CONVERSION = YES;
				CLANG_WARN_OBJC_LITERAL_CONVERSION = YES;
				CLANG_WARN_OBJC_ROOT_CLASS = YES_ERROR;
				CLANG_WARN_RANGE_LOOP_ANALYSIS = YES;
				CLANG_WARN_STRICT_PROTOTYPES = YES;
				CLANG_WARN_SUSPICIOUS_MOVE = YES;
				CLANG_WARN_UNGUARDED_AVAILABILITY = YES_AGGRESSIVE;
				CLANG_WARN_UNREACHABLE_CODE = YES;
				CLANG_WARN__DUPLICATE_METHOD_MATCH = YES;
				CODE_SIGN_IDENTITY = "iPhone Developer";
				COPY_PHASE_STRIP = NO;
				DEBUG_INFORMATION_FORMAT = "dwarf-with-dsym";
				ENABLE_NS_ASSERTIONS = NO;
				ENABLE_STRICT_OBJC_MSGSEND = YES;
				GCC_C_LANGUAGE_STANDARD = gnu11;
				GCC_NO_COMMON_BLOCKS = YES;
				GCC_WARN_64_TO_32_BIT_CONVERSION = YES;
				GCC_WARN_ABOUT_RETURN_TYPE = YES_ERROR;
				GCC_WARN_UNDECLARED_SELECTOR = YES;
				GCC_WARN_UNINITIALIZED_AUTOS = YES_AGGRESSIVE;
				GCC_WARN_UNUSED_FUNCTION = YES;
				GCC_WARN_UNUSED_VARIABLE = YES;
				IPHONEOS_DEPLOYMENT_TARGET = 11.2;
				MTL_ENABLE_DEBUG_INFO = NO;
				SDKROOT = iphoneos;
				SWIFT_OPTIMIZATION_LEVEL = "-Owholemodule";
				VALIDATE_PRODUCT = YES;
			};
			name = Release;
		};
		07D586F0206AA2DF00F6C721 /* Debug */ = {
			isa = XCBuildConfiguration;
			baseConfigurationReference = 824EECA2E7419A40FF9F88D8 /* Pods-MovieQuotes.debug.xcconfig */;
			buildSettings = {
				ASSETCATALOG_COMPILER_APPICON_NAME = AppIcon;
				CODE_SIGN_STYLE = Automatic;
				DEVELOPMENT_TEAM = C4Q47ST5AW;
				INFOPLIST_FILE = MovieQuotes/Info.plist;
				LD_RUNPATH_SEARCH_PATHS = "$(inherited) @executable_path/Frameworks";
				PRODUCT_BUNDLE_IDENTIFIER = edu.rosehulman.hohljm.MovieQuotes;
				PRODUCT_NAME = "$(TARGET_NAME)";
				SWIFT_VERSION = 4.0;
				TARGETED_DEVICE_FAMILY = 1;
			};
			name = Debug;
		};
		07D586F1206AA2DF00F6C721 /* Release */ = {
			isa = XCBuildConfiguration;
			baseConfigurationReference = 55D2621819E6A81DB8D4B94E /* Pods-MovieQuotes.release.xcconfig */;
			buildSettings = {
				ASSETCATALOG_COMPILER_APPICON_NAME = AppIcon;
				CODE_SIGN_STYLE = Automatic;
				DEVELOPMENT_TEAM = C4Q47ST5AW;
				INFOPLIST_FILE = MovieQuotes/Info.plist;
				LD_RUNPATH_SEARCH_PATHS = "$(inherited) @executable_path/Frameworks";
				PRODUCT_BUNDLE_IDENTIFIER = edu.rosehulman.hohljm.MovieQuotes;
				PRODUCT_NAME = "$(TARGET_NAME)";
				SWIFT_VERSION = 4.0;
				TARGETED_DEVICE_FAMILY = 1;
			};
			name = Release;
		};
/* End XCBuildConfiguration section */

/* Begin XCConfigurationList section */
		07D586D3206AA2DE00F6C721 /* Build configuration list for PBXProject "MovieQuotes" */ = {
			isa = XCConfigurationList;
			buildConfigurations = (
				07D586ED206AA2DF00F6C721 /* Debug */,
				07D586EE206AA2DF00F6C721 /* Release */,
			);
			defaultConfigurationIsVisible = 0;
			defaultConfigurationName = Release;
		};
		07D586EF206AA2DF00F6C721 /* Build configuration list for PBXNativeTarget "MovieQuotes" */ = {
			isa = XCConfigurationList;
			buildConfigurations = (
				07D586F0206AA2DF00F6C721 /* Debug */,
				07D586F1206AA2DF00F6C721 /* Release */,
			);
			defaultConfigurationIsVisible = 0;
			defaultConfigurationName = Release;
		};
/* End XCConfigurationList section */

/* Begin XCVersionGroup section */
		07D586DD206AA2DE00F6C721 /* MovieQuotes.xcdatamodeld */ = {
			isa = XCVersionGroup;
			children = (
				07D586DE206AA2DE00F6C721 /* MovieQuotes.xcdatamodel */,
			);
			currentVersion = 07D586DE206AA2DE00F6C721 /* MovieQuotes.xcdatamodel */;
			path = MovieQuotes.xcdatamodeld;
			sourceTree = "<group>";
			versionGroupType = wrapper.xcdatamodel;
		};
/* End XCVersionGroup section */
	};
	rootObject = 07D586D0206AA2DE00F6C721 /* Project object */;
}
